// !$*UTF8*$!
{
	archiveVersion = 1;
	classes = {
	};
	objectVersion = 56;
	objects = {

/* Begin PBXBuildFile section */
		8DCDDFB52C780EB000337F1B /* iBeaconApp.swift in Sources */ = {isa = PBXBuildFile; fileRef = 8DCDDFB42C780EB000337F1B /* iBeaconApp.swift */; };
		8DCDDFB72C780EB000337F1B /* ContentView.swift in Sources */ = {isa = PBXBuildFile; fileRef = 8DCDDFB62C780EB000337F1B /* ContentView.swift */; };
		8DCDDFB92C780EB100337F1B /* Assets.xcassets in Resources */ = {isa = PBXBuildFile; fileRef = 8DCDDFB82C780EB100337F1B /* Assets.xcassets */; };
		8DCDDFBC2C780EB100337F1B /* Preview Assets.xcassets in Resources */ = {isa = PBXBuildFile; fileRef = 8DCDDFBB2C780EB100337F1B /* Preview Assets.xcassets */; };
		8DCDDFC62C780EB100337F1B /* iBeaconTests.swift in Sources */ = {isa = PBXBuildFile; fileRef = 8DCDDFC52C780EB100337F1B /* iBeaconTests.swift */; };
		8DCDDFD02C780EB100337F1B /* iBeaconUITests.swift in Sources */ = {isa = PBXBuildFile; fileRef = 8DCDDFCF2C780EB100337F1B /* iBeaconUITests.swift */; };
		8DCDDFD22C780EB100337F1B /* iBeaconUITestsLaunchTests.swift in Sources */ = {isa = PBXBuildFile; fileRef = 8DCDDFD12C780EB100337F1B /* iBeaconUITestsLaunchTests.swift */; };
		8DCDDFDF2C780FE000337F1B /* LocationManager.swift in Sources */ = {isa = PBXBuildFile; fileRef = 8DCDDFDE2C780FE000337F1B /* LocationManager.swift */; };
/* End PBXBuildFile section */

/* Begin PBXContainerItemProxy section */
		8DCDDFC22C780EB100337F1B /* PBXContainerItemProxy */ = {
			isa = PBXContainerItemProxy;
			containerPortal = 8DCDDFA92C780EB000337F1B /* Project object */;
			proxyType = 1;
			remoteGlobalIDString = 8DCDDFB02C780EB000337F1B;
			remoteInfo = iBeacon;
		};
		8DCDDFCC2C780EB100337F1B /* PBXContainerItemProxy */ = {
			isa = PBXContainerItemProxy;
			containerPortal = 8DCDDFA92C780EB000337F1B /* Project object */;
			proxyType = 1;
			remoteGlobalIDString = 8DCDDFB02C780EB000337F1B;
			remoteInfo = iBeacon;
		};
/* End PBXContainerItemProxy section */

/* Begin PBXFileReference section */
		8DCDDFB12C780EB000337F1B /* iBeacon.app */ = {isa = PBXFileReference; explicitFileType = wrapper.application; includeInIndex = 0; path = iBeacon.app; sourceTree = BUILT_PRODUCTS_DIR; };
		8DCDDFB42C780EB000337F1B /* iBeaconApp.swift */ = {isa = PBXFileReference; lastKnownFileType = sourcecode.swift; path = iBeaconApp.swift; sourceTree = "<group>"; };
		8DCDDFB62C780EB000337F1B /* ContentView.swift */ = {isa = PBXFileReference; lastKnownFileType = sourcecode.swift; path = ContentView.swift; sourceTree = "<group>"; };
		8DCDDFB82C780EB100337F1B /* Assets.xcassets */ = {isa = PBXFileReference; lastKnownFileType = folder.assetcatalog; path = Assets.xcassets; sourceTree = "<group>"; };
		8DCDDFBB2C780EB100337F1B /* Preview Assets.xcassets */ = {isa = PBXFileReference; lastKnownFileType = folder.assetcatalog; path = "Preview Assets.xcassets"; sourceTree = "<group>"; };
		8DCDDFC12C780EB100337F1B /* iBeaconTests.xctest */ = {isa = PBXFileReference; explicitFileType = wrapper.cfbundle; includeInIndex = 0; path = iBeaconTests.xctest; sourceTree = BUILT_PRODUCTS_DIR; };
		8DCDDFC52C780EB100337F1B /* iBeaconTests.swift */ = {isa = PBXFileReference; lastKnownFileType = sourcecode.swift; path = iBeaconTests.swift; sourceTree = "<group>"; };
		8DCDDFCB2C780EB100337F1B /* iBeaconUITests.xctest */ = {isa = PBXFileReference; explicitFileType = wrapper.cfbundle; includeInIndex = 0; path = iBeaconUITests.xctest; sourceTree = BUILT_PRODUCTS_DIR; };
		8DCDDFCF2C780EB100337F1B /* iBeaconUITests.swift */ = {isa = PBXFileReference; lastKnownFileType = sourcecode.swift; path = iBeaconUITests.swift; sourceTree = "<group>"; };
		8DCDDFD12C780EB100337F1B /* iBeaconUITestsLaunchTests.swift */ = {isa = PBXFileReference; lastKnownFileType = sourcecode.swift; path = iBeaconUITestsLaunchTests.swift; sourceTree = "<group>"; };
		8DCDDFDE2C780FE000337F1B /* LocationManager.swift */ = {isa = PBXFileReference; lastKnownFileType = sourcecode.swift; path = LocationManager.swift; sourceTree = "<group>"; };
		8DCDDFE02C78139100337F1B /* Info.plist */ = {isa = PBXFileReference; lastKnownFileType = text.plist; path = Info.plist; sourceTree = "<group>"; };
/* End PBXFileReference section */

/* Begin PBXFrameworksBuildPhase section */
		8DCDDFAE2C780EB000337F1B /* Frameworks */ = {
			isa = PBXFrameworksBuildPhase;
			buildActionMask = 2147483647;
			files = (
			);
			runOnlyForDeploymentPostprocessing = 0;
		};
		8DCDDFBE2C780EB100337F1B /* Frameworks */ = {
			isa = PBXFrameworksBuildPhase;
			buildActionMask = 2147483647;
			files = (
			);
			runOnlyForDeploymentPostprocessing = 0;
		};
		8DCDDFC82C780EB100337F1B /* Frameworks */ = {
			isa = PBXFrameworksBuildPhase;
			buildActionMask = 2147483647;
			files = (
			);
			runOnlyForDeploymentPostprocessing = 0;
		};
/* End PBXFrameworksBuildPhase section */

/* Begin PBXGroup section */
		8DCDDFA82C780EB000337F1B = {
			isa = PBXGroup;
			children = (
				8DCDDFB32C780EB000337F1B /* iBeacon */,
				8DCDDFC42C780EB100337F1B /* iBeaconTests */,
				8DCDDFCE2C780EB100337F1B /* iBeaconUITests */,
				8DCDDFB22C780EB000337F1B /* Products */,
			);
			sourceTree = "<group>";
		};
		8DCDDFB22C780EB000337F1B /* Products */ = {
			isa = PBXGroup;
			children = (
				8DCDDFB12C780EB000337F1B /* iBeacon.app */,
				8DCDDFC12C780EB100337F1B /* iBeaconTests.xctest */,
				8DCDDFCB2C780EB100337F1B /* iBeaconUITests.xctest */,
			);
			name = Products;
			sourceTree = "<group>";
		};
		8DCDDFB32C780EB000337F1B /* iBeacon */ = {
			isa = PBXGroup;
			children = (
				8DCDDFE02C78139100337F1B /* Info.plist */,
				8DCDDFB42C780EB000337F1B /* iBeaconApp.swift */,
				8DCDDFB62C780EB000337F1B /* ContentView.swift */,
				8DCDDFDE2C780FE000337F1B /* LocationManager.swift */,
				8DCDDFB82C780EB100337F1B /* Assets.xcassets */,
				8DCDDFBA2C780EB100337F1B /* Preview Content */,
			);
			path = iBeacon;
			sourceTree = "<group>";
		};
		8DCDDFBA2C780EB100337F1B /* Preview Content */ = {
			isa = PBXGroup;
			children = (
				8DCDDFBB2C780EB100337F1B /* Preview Assets.xcassets */,
			);
			path = "Preview Content";
			sourceTree = "<group>";
		};
		8DCDDFC42C780EB100337F1B /* iBeaconTests */ = {
			isa = PBXGroup;
			children = (
				8DCDDFC52C780EB100337F1B /* iBeaconTests.swift */,
			);
			path = iBeaconTests;
			sourceTree = "<group>";
		};
		8DCDDFCE2C780EB100337F1B /* iBeaconUITests */ = {
			isa = PBXGroup;
			children = (
				8DCDDFCF2C780EB100337F1B /* iBeaconUITests.swift */,
				8DCDDFD12C780EB100337F1B /* iBeaconUITestsLaunchTests.swift */,
			);
			path = iBeaconUITests;
			sourceTree = "<group>";
		};
/* End PBXGroup section */

/* Begin PBXNativeTarget section */
		8DCDDFB02C780EB000337F1B /* iBeacon */ = {
			isa = PBXNativeTarget;
			buildConfigurationList = 8DCDDFD52C780EB100337F1B /* Build configuration list for PBXNativeTarget "iBeacon" */;
			buildPhases = (
				8DCDDFAD2C780EB000337F1B /* Sources */,
				8DCDDFAE2C780EB000337F1B /* Frameworks */,
				8DCDDFAF2C780EB000337F1B /* Resources */,
			);
			buildRules = (
			);
			dependencies = (
			);
			name = iBeacon;
			productName = iBeacon;
			productReference = 8DCDDFB12C780EB000337F1B /* iBeacon.app */;
			productType = "com.apple.product-type.application";
		};
		8DCDDFC02C780EB100337F1B /* iBeaconTests */ = {
			isa = PBXNativeTarget;
			buildConfigurationList = 8DCDDFD82C780EB100337F1B /* Build configuration list for PBXNativeTarget "iBeaconTests" */;
			buildPhases = (
				8DCDDFBD2C780EB100337F1B /* Sources */,
				8DCDDFBE2C780EB100337F1B /* Frameworks */,
				8DCDDFBF2C780EB100337F1B /* Resources */,
			);
			buildRules = (
			);
			dependencies = (
				8DCDDFC32C780EB100337F1B /* PBXTargetDependency */,
			);
			name = iBeaconTests;
			productName = iBeaconTests;
			productReference = 8DCDDFC12C780EB100337F1B /* iBeaconTests.xctest */;
			productType = "com.apple.product-type.bundle.unit-test";
		};
		8DCDDFCA2C780EB100337F1B /* iBeaconUITests */ = {
			isa = PBXNativeTarget;
			buildConfigurationList = 8DCDDFDB2C780EB100337F1B /* Build configuration list for PBXNativeTarget "iBeaconUITests" */;
			buildPhases = (
				8DCDDFC72C780EB100337F1B /* Sources */,
				8DCDDFC82C780EB100337F1B /* Frameworks */,
				8DCDDFC92C780EB100337F1B /* Resources */,
			);
			buildRules = (
			);
			dependencies = (
				8DCDDFCD2C780EB100337F1B /* PBXTargetDependency */,
			);
			name = iBeaconUITests;
			productName = iBeaconUITests;
			productReference = 8DCDDFCB2C780EB100337F1B /* iBeaconUITests.xctest */;
			productType = "com.apple.product-type.bundle.ui-testing";
		};
/* End PBXNativeTarget section */

/* Begin PBXProject section */
		8DCDDFA92C780EB000337F1B /* Project object */ = {
			isa = PBXProject;
			attributes = {
				BuildIndependentTargetsInParallel = 1;
				LastSwiftUpdateCheck = 1430;
				LastUpgradeCheck = 1430;
				TargetAttributes = {
					8DCDDFB02C780EB000337F1B = {
						CreatedOnToolsVersion = 14.3.1;
					};
					8DCDDFC02C780EB100337F1B = {
						CreatedOnToolsVersion = 14.3.1;
						TestTargetID = 8DCDDFB02C780EB000337F1B;
					};
					8DCDDFCA2C780EB100337F1B = {
						CreatedOnToolsVersion = 14.3.1;
						TestTargetID = 8DCDDFB02C780EB000337F1B;
					};
				};
			};
			buildConfigurationList = 8DCDDFAC2C780EB000337F1B /* Build configuration list for PBXProject "iBeacon" */;
			compatibilityVersion = "Xcode 14.0";
			developmentRegion = en;
			hasScannedForEncodings = 0;
			knownRegions = (
				en,
				Base,
			);
			mainGroup = 8DCDDFA82C780EB000337F1B;
			productRefGroup = 8DCDDFB22C780EB000337F1B /* Products */;
			projectDirPath = "";
			projectRoot = "";
			targets = (
				8DCDDFB02C780EB000337F1B /* iBeacon */,
				8DCDDFC02C780EB100337F1B /* iBeaconTests */,
				8DCDDFCA2C780EB100337F1B /* iBeaconUITests */,
			);
		};
/* End PBXProject section */

/* Begin PBXResourcesBuildPhase section */
		8DCDDFAF2C780EB000337F1B /* Resources */ = {
			isa = PBXResourcesBuildPhase;
			buildActionMask = 2147483647;
			files = (
				8DCDDFBC2C780EB100337F1B /* Preview Assets.xcassets in Resources */,
				8DCDDFB92C780EB100337F1B /* Assets.xcassets in Resources */,
			);
			runOnlyForDeploymentPostprocessing = 0;
		};
		8DCDDFBF2C780EB100337F1B /* Resources */ = {
			isa = PBXResourcesBuildPhase;
			buildActionMask = 2147483647;
			files = (
			);
			runOnlyForDeploymentPostprocessing = 0;
		};
		8DCDDFC92C780EB100337F1B /* Resources */ = {
			isa = PBXResourcesBuildPhase;
			buildActionMask = 2147483647;
			files = (
			);
			runOnlyForDeploymentPostprocessing = 0;
		};
/* End PBXResourcesBuildPhase section */

/* Begin PBXSourcesBuildPhase section */
		8DCDDFAD2C780EB000337F1B /* Sources */ = {
			isa = PBXSourcesBuildPhase;
			buildActionMask = 2147483647;
			files = (
				8DCDDFB72C780EB000337F1B /* ContentView.swift in Sources */,
				8DCDDFB52C780EB000337F1B /* iBeaconApp.swift in Sources */,
				8DCDDFDF2C780FE000337F1B /* LocationManager.swift in Sources */,
			);
			runOnlyForDeploymentPostprocessing = 0;
		};
		8DCDDFBD2C780EB100337F1B /* Sources */ = {
			isa = PBXSourcesBuildPhase;
			buildActionMask = 2147483647;
			files = (
				8DCDDFC62C780EB100337F1B /* iBeaconTests.swift in Sources */,
			);
			runOnlyForDeploymentPostprocessing = 0;
		};
		8DCDDFC72C780EB100337F1B /* Sources */ = {
			isa = PBXSourcesBuildPhase;
			buildActionMask = 2147483647;
			files = (
				8DCDDFD22C780EB100337F1B /* iBeaconUITestsLaunchTests.swift in Sources */,
				8DCDDFD02C780EB100337F1B /* iBeaconUITests.swift in Sources */,
			);
			runOnlyForDeploymentPostprocessing = 0;
		};
/* End PBXSourcesBuildPhase section */

/* Begin PBXTargetDependency section */
		8DCDDFC32C780EB100337F1B /* PBXTargetDependency */ = {
			isa = PBXTargetDependency;
			target = 8DCDDFB02C780EB000337F1B /* iBeacon */;
			targetProxy = 8DCDDFC22C780EB100337F1B /* PBXContainerItemProxy */;
		};
		8DCDDFCD2C780EB100337F1B /* PBXTargetDependency */ = {
			isa = PBXTargetDependency;
			target = 8DCDDFB02C780EB000337F1B /* iBeacon */;
			targetProxy = 8DCDDFCC2C780EB100337F1B /* PBXContainerItemProxy */;
		};
/* End PBXTargetDependency section */

/* Begin XCBuildConfiguration section */
		8DCDDFD32C780EB100337F1B /* Debug */ = {
			isa = XCBuildConfiguration;
			buildSettings = {
				ALWAYS_SEARCH_USER_PATHS = NO;
				CLANG_ANALYZER_NONNULL = YES;
				CLANG_ANALYZER_NUMBER_OBJECT_CONVERSION = YES_AGGRESSIVE;
				CLANG_CXX_LANGUAGE_STANDARD = "gnu++20";
				CLANG_ENABLE_MODULES = YES;
				CLANG_ENABLE_OBJC_ARC = YES;
				CLANG_ENABLE_OBJC_WEAK = YES;
				CLANG_WARN_BLOCK_CAPTURE_AUTORELEASING = YES;
				CLANG_WARN_BOOL_CONVERSION = YES;
				CLANG_WARN_COMMA = YES;
				CLANG_WARN_CONSTANT_CONVERSION = YES;
				CLANG_WARN_DEPRECATED_OBJC_IMPLEMENTATIONS = YES;
				CLANG_WARN_DIRECT_OBJC_ISA_USAGE = YES_ERROR;
				CLANG_WARN_DOCUMENTATION_COMMENTS = YES;
				CLANG_WARN_EMPTY_BODY = YES;
				CLANG_WARN_ENUM_CONVERSION = YES;
				CLANG_WARN_INFINITE_RECURSION = YES;
				CLANG_WARN_INT_CONVERSION = YES;
				CLANG_WARN_NON_LITERAL_NULL_CONVERSION = YES;
				CLANG_WARN_OBJC_IMPLICIT_RETAIN_SELF = YES;
				CLANG_WARN_OBJC_LITERAL_CONVERSION = YES;
				CLANG_WARN_OBJC_ROOT_CLASS = YES_ERROR;
				CLANG_WARN_QUOTED_INCLUDE_IN_FRAMEWORK_HEADER = YES;
				CLANG_WARN_RANGE_LOOP_ANALYSIS = YES;
				CLANG_WARN_STRICT_PROTOTYPES = YES;
				CLANG_WARN_SUSPICIOUS_MOVE = YES;
				CLANG_WARN_UNGUARDED_AVAILABILITY = YES_AGGRESSIVE;
				CLANG_WARN_UNREACHABLE_CODE = YES;
				CLANG_WARN__DUPLICATE_METHOD_MATCH = YES;
				COPY_PHASE_STRIP = NO;
				DEBUG_INFORMATION_FORMAT = dwarf;
				ENABLE_STRICT_OBJC_MSGSEND = YES;
				ENABLE_TESTABILITY = YES;
				GCC_C_LANGUAGE_STANDARD = gnu11;
				GCC_DYNAMIC_NO_PIC = NO;
				GCC_NO_COMMON_BLOCKS = YES;
				GCC_OPTIMIZATION_LEVEL = 0;
				GCC_PREPROCESSOR_DEFINITIONS = (
					"DEBUG=1",
					"$(inherited)",
				);
				GCC_WARN_64_TO_32_BIT_CONVERSION = YES;
				GCC_WARN_ABOUT_RETURN_TYPE = YES_ERROR;
				GCC_WARN_UNDECLARED_SELECTOR = YES;
				GCC_WARN_UNINITIALIZED_AUTOS = YES_AGGRESSIVE;
				GCC_WARN_UNUSED_FUNCTION = YES;
				GCC_WARN_UNUSED_VARIABLE = YES;
				IPHONEOS_DEPLOYMENT_TARGET = 16.4;
				MTL_ENABLE_DEBUG_INFO = INCLUDE_SOURCE;
				MTL_FAST_MATH = YES;
				ONLY_ACTIVE_ARCH = YES;
				SDKROOT = iphoneos;
				SWIFT_ACTIVE_COMPILATION_CONDITIONS = DEBUG;
				SWIFT_OPTIMIZATION_LEVEL = "-Onone";
			};
			name = Debug;
		};
		8DCDDFD42C780EB100337F1B /* Release */ = {
			isa = XCBuildConfiguration;
			buildSettings = {
				ALWAYS_SEARCH_USER_PATHS = NO;
				CLANG_ANALYZER_NONNULL = YES;
				CLANG_ANALYZER_NUMBER_OBJECT_CONVERSION = YES_AGGRESSIVE;
				CLANG_CXX_LANGUAGE_STANDARD = "gnu++20";
				CLANG_ENABLE_MODULES = YES;
				CLANG_ENABLE_OBJC_ARC = YES;
				CLANG_ENABLE_OBJC_WEAK = YES;
				CLANG_WARN_BLOCK_CAPTURE_AUTORELEASING = YES;
				CLANG_WARN_BOOL_CONVERSION = YES;
				CLANG_WARN_COMMA = YES;
				CLANG_WARN_CONSTANT_CONVERSION = YES;
				CLANG_WARN_DEPRECATED_OBJC_IMPLEMENTATIONS = YES;
				CLANG_WARN_DIRECT_OBJC_ISA_USAGE = YES_ERROR;
				CLANG_WARN_DOCUMENTATION_COMMENTS = YES;
				CLANG_WARN_EMPTY_BODY = YES;
				CLANG_WARN_ENUM_CONVERSION = YES;
				CLANG_WARN_INFINITE_RECURSION = YES;
				CLANG_WARN_INT_CONVERSION = YES;
				CLANG_WARN_NON_LITERAL_NULL_CONVERSION = YES;
				CLANG_WARN_OBJC_IMPLICIT_RETAIN_SELF = YES;
				CLANG_WARN_OBJC_LITERAL_CONVERSION = YES;
				CLANG_WARN_OBJC_ROOT_CLASS = YES_ERROR;
				CLANG_WARN_QUOTED_INCLUDE_IN_FRAMEWORK_HEADER = YES;
				CLANG_WARN_RANGE_LOOP_ANALYSIS = YES;
				CLANG_WARN_STRICT_PROTOTYPES = YES;
				CLANG_WARN_SUSPICIOUS_MOVE = YES;
				CLANG_WARN_UNGUARDED_AVAILABILITY = YES_AGGRESSIVE;
				CLANG_WARN_UNREACHABLE_CODE = YES;
				CLANG_WARN__DUPLICATE_METHOD_MATCH = YES;
				COPY_PHASE_STRIP = NO;
				DEBUG_INFORMATION_FORMAT = "dwarf-with-dsym";
				ENABLE_NS_ASSERTIONS = NO;
				ENABLE_STRICT_OBJC_MSGSEND = YES;
				GCC_C_LANGUAGE_STANDARD = gnu11;
				GCC_NO_COMMON_BLOCKS = YES;
				GCC_WARN_64_TO_32_BIT_CONVERSION = YES;
				GCC_WARN_ABOUT_RETURN_TYPE = YES_ERROR;
				GCC_WARN_UNDECLARED_SELECTOR = YES;
				GCC_WARN_UNINITIALIZED_AUTOS = YES_AGGRESSIVE;
				GCC_WARN_UNUSED_FUNCTION = YES;
				GCC_WARN_UNUSED_VARIABLE = YES;
				IPHONEOS_DEPLOYMENT_TARGET = 16.4;
				MTL_ENABLE_DEBUG_INFO = NO;
				MTL_FAST_MATH = YES;
				SDKROOT = iphoneos;
				SWIFT_COMPILATION_MODE = wholemodule;
				SWIFT_OPTIMIZATION_LEVEL = "-O";
				VALIDATE_PRODUCT = YES;
			};
			name = Release;
		};
		8DCDDFD62C780EB100337F1B /* Debug */ = {
			isa = XCBuildConfiguration;
			buildSettings = {
				ASSETCATALOG_COMPILER_APPICON_NAME = AppIcon;
				ASSETCATALOG_COMPILER_GLOBAL_ACCENT_COLOR_NAME = AccentColor;
				CODE_SIGN_STYLE = Automatic;
				CURRENT_PROJECT_VERSION = 1;
				DEVELOPMENT_ASSET_PATHS = "\"iBeacon/Preview Content\"";
				DEVELOPMENT_TEAM = 28SXSBFN7H;
				ENABLE_PREVIEWS = YES;
				GENERATE_INFOPLIST_FILE = YES;
				INFOPLIST_FILE = iBeacon/Info.plist;
				INFOPLIST_KEY_NSLocationAlwaysAndWhenInUseUsageDescription = "位置情報を使用します";
				INFOPLIST_KEY_NSLocationWhenInUseUsageDescription = "位置情報を使用します";
				INFOPLIST_KEY_UIApplicationSceneManifest_Generation = YES;
				INFOPLIST_KEY_UIApplicationSupportsIndirectInputEvents = YES;
				INFOPLIST_KEY_UILaunchScreen_Generation = YES;
				INFOPLIST_KEY_UISupportedInterfaceOrientations_iPad = "UIInterfaceOrientationPortrait UIInterfaceOrientationPortraitUpsideDown UIInterfaceOrientationLandscapeLeft UIInterfaceOrientationLandscapeRight";
				INFOPLIST_KEY_UISupportedInterfaceOrientations_iPhone = "UIInterfaceOrientationPortrait UIInterfaceOrientationLandscapeLeft UIInterfaceOrientationLandscapeRight";
				LD_RUNPATH_SEARCH_PATHS = (
					"$(inherited)",
					"@executable_path/Frameworks",
				);
				MARKETING_VERSION = 1.0;
				PRODUCT_BUNDLE_IDENTIFIER = erina.yamakawa.iBeacon;
				PRODUCT_NAME = "$(TARGET_NAME)";
				SWIFT_EMIT_LOC_STRINGS = YES;
				SWIFT_VERSION = 5.0;
				TARGETED_DEVICE_FAMILY = "1,2";
			};
			name = Debug;
		};
		8DCDDFD72C780EB100337F1B /* Release */ = {
			isa = XCBuildConfiguration;
			buildSettings = {
				ASSETCATALOG_COMPILER_APPICON_NAME = AppIcon;
				ASSETCATALOG_COMPILER_GLOBAL_ACCENT_COLOR_NAME = AccentColor;
				CODE_SIGN_STYLE = Automatic;
				CURRENT_PROJECT_VERSION = 1;
				DEVELOPMENT_ASSET_PATHS = "\"iBeacon/Preview Content\"";
				DEVELOPMENT_TEAM = 28SXSBFN7H;
				ENABLE_PREVIEWS = YES;
				GENERATE_INFOPLIST_FILE = YES;
				INFOPLIST_FILE = iBeacon/Info.plist;
				INFOPLIST_KEY_NSLocationAlwaysAndWhenInUseUsageDescription = "位置情報を使用します";
				INFOPLIST_KEY_NSLocationWhenInUseUsageDescription = "位置情報を使用します";
				INFOPLIST_KEY_UIApplicationSceneManifest_Generation = YES;
				INFOPLIST_KEY_UIApplicationSupportsIndirectInputEvents = YES;
				INFOPLIST_KEY_UILaunchScreen_Generation = YES;
				INFOPLIST_KEY_UISupportedInterfaceOrientations_iPad = "UIInterfaceOrientationPortrait UIInterfaceOrientationPortraitUpsideDown UIInterfaceOrientationLandscapeLeft UIInterfaceOrientationLandscapeRight";
				INFOPLIST_KEY_UISupportedInterfaceOrientations_iPhone = "UIInterfaceOrientationPortrait UIInterfaceOrientationLandscapeLeft UIInterfaceOrientationLandscapeRight";
				LD_RUNPATH_SEARCH_PATHS = (
					"$(inherited)",
					"@executable_path/Frameworks",
				);
				MARKETING_VERSION = 1.0;
				PRODUCT_BUNDLE_IDENTIFIER = erina.yamakawa.iBeacon;
				PRODUCT_NAME = "$(TARGET_NAME)";
				SWIFT_EMIT_LOC_STRINGS = YES;
				SWIFT_VERSION = 5.0;
				TARGETED_DEVICE_FAMILY = "1,2";
			};
			name = Release;
		};
		8DCDDFD92C780EB100337F1B /* Debug */ = {
			isa = XCBuildConfiguration;
			buildSettings = {
				ALWAYS_EMBED_SWIFT_STANDARD_LIBRARIES = YES;
				BUNDLE_LOADER = "$(TEST_HOST)";
				CODE_SIGN_STYLE = Automatic;
				CURRENT_PROJECT_VERSION = 1;
				DEVELOPMENT_TEAM = 28SXSBFN7H;
				GENERATE_INFOPLIST_FILE = YES;
				IPHONEOS_DEPLOYMENT_TARGET = 16.4;
				MARKETING_VERSION = 1.0;
				PRODUCT_BUNDLE_IDENTIFIER = erina.yamakawa.iBeaconTests;
				PRODUCT_NAME = "$(TARGET_NAME)";
				SWIFT_EMIT_LOC_STRINGS = NO;
				SWIFT_VERSION = 5.0;
				TARGETED_DEVICE_FAMILY = "1,2";
				TEST_HOST = "$(BUILT_PRODUCTS_DIR)/iBeacon.app/$(BUNDLE_EXECUTABLE_FOLDER_PATH)/iBeacon";
			};
			name = Debug;
		};
		8DCDDFDA2C780EB100337F1B /* Release */ = {
			isa = XCBuildConfiguration;
			buildSettings = {
				ALWAYS_EMBED_SWIFT_STANDARD_LIBRARIES = YES;
				BUNDLE_LOADER = "$(TEST_HOST)";
				CODE_SIGN_STYLE = Automatic;
				CURRENT_PROJECT_VERSION = 1;
				DEVELOPMENT_TEAM = 28SXSBFN7H;
				GENERATE_INFOPLIST_FILE = YES;
				IPHONEOS_DEPLOYMENT_TARGET = 16.4;
				MARKETING_VERSION = 1.0;
				PRODUCT_BUNDLE_IDENTIFIER = erina.yamakawa.iBeaconTests;
				PRODUCT_NAME = "$(TARGET_NAME)";
				SWIFT_EMIT_LOC_STRINGS = NO;
				SWIFT_VERSION = 5.0;
				TARGETED_DEVICE_FAMILY = "1,2";
				TEST_HOST = "$(BUILT_PRODUCTS_DIR)/iBeacon.app/$(BUNDLE_EXECUTABLE_FOLDER_PATH)/iBeacon";
			};
			name = Release;
		};
		8DCDDFDC2C780EB100337F1B /* Debug */ = {
			isa = XCBuildConfiguration;
			buildSettings = {
				ALWAYS_EMBED_SWIFT_STANDARD_LIBRARIES = YES;
				CODE_SIGN_STYLE = Automatic;
				CURRENT_PROJECT_VERSION = 1;
				DEVELOPMENT_TEAM = 28SXSBFN7H;
				GENERATE_INFOPLIST_FILE = YES;
				MARKETING_VERSION = 1.0;
				PRODUCT_BUNDLE_IDENTIFIER = erina.yamakawa.iBeaconUITests;
				PRODUCT_NAME = "$(TARGET_NAME)";
				SWIFT_EMIT_LOC_STRINGS = NO;
				SWIFT_VERSION = 5.0;
				TARGETED_DEVICE_FAMILY = "1,2";
				TEST_TARGET_NAME = iBeacon;
			};
			name = Debug;
		};
		8DCDDFDD2C780EB100337F1B /* Release */ = {
			isa = XCBuildConfiguration;
			buildSettings = {
				ALWAYS_EMBED_SWIFT_STANDARD_LIBRARIES = YES;
				CODE_SIGN_STYLE = Automatic;
				CURRENT_PROJECT_VERSION = 1;
				DEVELOPMENT_TEAM = 28SXSBFN7H;
				GENERATE_INFOPLIST_FILE = YES;
				MARKETING_VERSION = 1.0;
				PRODUCT_BUNDLE_IDENTIFIER = erina.yamakawa.iBeaconUITests;
				PRODUCT_NAME = "$(TARGET_NAME)";
				SWIFT_EMIT_LOC_STRINGS = NO;
				SWIFT_VERSION = 5.0;
				TARGETED_DEVICE_FAMILY = "1,2";
				TEST_TARGET_NAME = iBeacon;
			};
			name = Release;
		};
/* End XCBuildConfiguration section */

/* Begin XCConfigurationList section */
		8DCDDFAC2C780EB000337F1B /* Build configuration list for PBXProject "iBeacon" */ = {
			isa = XCConfigurationList;
			buildConfigurations = (
				8DCDDFD32C780EB100337F1B /* Debug */,
				8DCDDFD42C780EB100337F1B /* Release */,
			);
			defaultConfigurationIsVisible = 0;
			defaultConfigurationName = Release;
		};
		8DCDDFD52C780EB100337F1B /* Build configuration list for PBXNativeTarget "iBeacon" */ = {
			isa = XCConfigurationList;
			buildConfigurations = (
				8DCDDFD62C780EB100337F1B /* Debug */,
				8DCDDFD72C780EB100337F1B /* Release */,
			);
			defaultConfigurationIsVisible = 0;
			defaultConfigurationName = Release;
		};
		8DCDDFD82C780EB100337F1B /* Build configuration list for PBXNativeTarget "iBeaconTests" */ = {
			isa = XCConfigurationList;
			buildConfigurations = (
				8DCDDFD92C780EB100337F1B /* Debug */,
				8DCDDFDA2C780EB100337F1B /* Release */,
			);
			defaultConfigurationIsVisible = 0;
			defaultConfigurationName = Release;
		};
		8DCDDFDB2C780EB100337F1B /* Build configuration list for PBXNativeTarget "iBeaconUITests" */ = {
			isa = XCConfigurationList;
			buildConfigurations = (
				8DCDDFDC2C780EB100337F1B /* Debug */,
				8DCDDFDD2C780EB100337F1B /* Release */,
			);
			defaultConfigurationIsVisible = 0;
			defaultConfigurationName = Release;
		};
/* End XCConfigurationList section */
	};
	rootObject = 8DCDDFA92C780EB000337F1B /* Project object */;
}
